<?xml version="1.0" encoding="utf-8"?>
<Project ToolsVersion="4.0" xmlns="http://schemas.microsoft.com/developer/msbuild/2003">
  <ItemGroup>
    <Filter Include="Source Files">
      <UniqueIdentifier>{4FC737F1-C7A5-4376-A066-2A32D752A2FF}</UniqueIdentifier>
      <Extensions>cpp;c;cc;cxx;c++;cppm;ixx;def;odl;idl;hpj;bat;asm;asmx</Extensions>
    </Filter>
    <Filter Include="Header Files">
      <UniqueIdentifier>{93995380-89BD-4b04-88EB-625FBE52EBFB}</UniqueIdentifier>
      <Extensions>h;hh;hpp;hxx;h++;hm;inl;inc;ipp;xsd</Extensions>
    </Filter>
    <Filter Include="Resource Files">
      <UniqueIdentifier>{67DA6AB6-F800-4c08-8B7A-83BB121AAD01}</UniqueIdentifier>
      <Extensions>rc;ico;cur;bmp;dlg;rc2;rct;bin;rgs;gif;jpg;jpeg;jpe;resx;tiff;tif;png;wav;mfcribbon-ms</Extensions>
    </Filter>
    <Filter Include="Resource Files\Scenes">
      <UniqueIdentifier>{3ef81220-760e-495e-9137-03555425d661}</UniqueIdentifier>
    </Filter>
    <Filter Include="Resource Files\Misc">
      <UniqueIdentifier>{58aeaf43-52d7-475d-9c75-3affea1321c8}</UniqueIdentifier>
    </Filter>
    <Filter Include="Header Files\GameObject">
      <UniqueIdentifier>{317bebe5-61d6-430f-a9f6-fcdfda7113e7}</UniqueIdentifier>
    </Filter>
    <Filter Include="Source Files\GameObject">
      <UniqueIdentifier>{bfd84d7e-fcb3-4396-9a22-f03409d16e07}</UniqueIdentifier>
    </Filter>
    <Filter Include="Header Files\Visual">
      <UniqueIdentifier>{96ad4786-16f9-4e91-b8f6-6d8af6d7ecd4}</UniqueIdentifier>
    </Filter>
    <Filter Include="Source Files\Visual">
      <UniqueIdentifier>{9b95890e-8b3e-47f0-9642-5720f0418e88}</UniqueIdentifier>
    </Filter>
    <Filter Include="Header Files\Tool">
      <UniqueIdentifier>{8bdfa766-6a14-46b0-af59-00d94263f512}</UniqueIdentifier>
    </Filter>
    <Filter Include="Header Files\KeyEventHandler">
      <UniqueIdentifier>{33367770-b639-4157-a82a-68cd02b80c1f}</UniqueIdentifier>
    </Filter>
    <Filter Include="Source Files\Tool">
      <UniqueIdentifier>{c6a0a2b7-de33-4e42-b4b2-9faaf501bb78}</UniqueIdentifier>
    </Filter>
    <Filter Include="Source Files\KeyEventHandler">
      <UniqueIdentifier>{ca0a52c9-3836-4714-a869-211ea3c6caba}</UniqueIdentifier>
    </Filter>
    <Filter Include="Source Files\GameObject\Misc">
      <UniqueIdentifier>{e444b42a-97ef-4588-b7b4-741499e020de}</UniqueIdentifier>
    </Filter>
    <Filter Include="Source Files\GameObject\Enemy">
      <UniqueIdentifier>{06f56e6e-bd1a-4916-b412-40a00f249033}</UniqueIdentifier>
    </Filter>
    <Filter Include="Header Files\GameObject\Misc">
      <UniqueIdentifier>{c55634a1-1e2d-4fb1-beeb-339d82a65301}</UniqueIdentifier>
    </Filter>
    <Filter Include="Header Files\GameObject\Enemy">
      <UniqueIdentifier>{f4bccfd9-e867-4557-8df6-1211ccde36ea}</UniqueIdentifier>
    </Filter>
    <Filter Include="Header Files\GameObject\Item">
      <UniqueIdentifier>{6368cf5c-8e56-4183-90fb-740271282e19}</UniqueIdentifier>
    </Filter>
    <Filter Include="Source Files\GameObject\Item">
      <UniqueIdentifier>{01c5f93a-0fd3-48fc-8cf5-3810e9654ded}</UniqueIdentifier>
    </Filter>
    <Filter Include="Resource Files\Enemy">
      <UniqueIdentifier>{b2222408-0825-4174-9e7b-72ed746e8dec}</UniqueIdentifier>
    </Filter>
    <Filter Include="Resource Files\Item">
      <UniqueIdentifier>{3f81ae19-2daf-48ca-96ae-7209613aec48}</UniqueIdentifier>
    </Filter>
    <Filter Include="Source Files\Core">
      <UniqueIdentifier>{2ac614bc-fe20-4213-b2ea-ca95df744c91}</UniqueIdentifier>
    </Filter>
    <Filter Include="Source Files\Scene">
      <UniqueIdentifier>{816112a3-4a1a-46e1-b4c5-8c3875ad4aa0}</UniqueIdentifier>
    </Filter>
    <Filter Include="Source Files\GameObject\CheckingObj">
      <UniqueIdentifier>{1e315a12-c758-41e5-b920-ded054de2e9d}</UniqueIdentifier>
    </Filter>
    <Filter Include="Header Files\Core">
      <UniqueIdentifier>{ed90412d-e09b-455a-83ff-5490dd299e38}</UniqueIdentifier>
    </Filter>
    <Filter Include="Header Files\Scene">
      <UniqueIdentifier>{90f7d934-235d-43e3-b4e1-56a60398a182}</UniqueIdentifier>
    </Filter>
    <Filter Include="Header Files\GameObject\CheckingObj">
      <UniqueIdentifier>{1435589a-e982-4089-b118-7ff113b3af7d}</UniqueIdentifier>
    </Filter>
    <Filter Include="Resource Files\Mario">
      <UniqueIdentifier>{1b1e9d0d-26b5-455c-965a-c92f69435d7f}</UniqueIdentifier>
    </Filter>
    <Filter Include="Resource Files\UI">
      <UniqueIdentifier>{48367333-04ec-480b-9ff6-bf875aadd5a9}</UniqueIdentifier>
    </Filter>
    <Filter Include="Source Files\UI">
      <UniqueIdentifier>{51d91a22-e252-454c-866c-e24461dcffbe}</UniqueIdentifier>
    </Filter>
    <Filter Include="Header Files\UI">
      <UniqueIdentifier>{8506e8dd-ecaf-4c75-99d5-92dcb360f935}</UniqueIdentifier>
    </Filter>
    <Filter Include="Header Files\OverworldGameObject">
      <UniqueIdentifier>{a4de72e8-e6c6-4857-a4d6-32e784b380df}</UniqueIdentifier>
    </Filter>
    <Filter Include="Source Files\OverworldGameObject">
      <UniqueIdentifier>{34bee9f7-4b64-42a1-b7f6-376b8e610b58}</UniqueIdentifier>
    </Filter>
    <Filter Include="Resource Files\Overworld">
      <UniqueIdentifier>{b0b26482-1c47-4bef-a5c6-05f54cfb60c1}</UniqueIdentifier>
    </Filter>
  </ItemGroup>
  <ItemGroup>
    <ClCompile Include="GameObject.cpp">
      <Filter>Source Files\GameObject</Filter>
    </ClCompile>
    <ClCompile Include="Animation.cpp">
      <Filter>Source Files\Visual</Filter>
    </ClCompile>
    <ClCompile Include="Animations.cpp">
      <Filter>Source Files\Visual</Filter>
    </ClCompile>
    <ClCompile Include="Sprite.cpp">
      <Filter>Source Files\Visual</Filter>
    </ClCompile>
    <ClCompile Include="Sprites.cpp">
      <Filter>Source Files\Visual</Filter>
    </ClCompile>
    <ClCompile Include="Textures.cpp">
      <Filter>Source Files\Visual</Filter>
    </ClCompile>
    <ClCompile Include="SampleKeyEventHandler.cpp">
      <Filter>Source Files\KeyEventHandler</Filter>
    </ClCompile>
    <ClCompile Include="debug.cpp">
      <Filter>Source Files\Tool</Filter>
    </ClCompile>
    <ClCompile Include="Utils.cpp">
      <Filter>Source Files\Tool</Filter>
    </ClCompile>
    <ClCompile Include="Background.cpp">
      <Filter>Source Files\GameObject\Misc</Filter>
    </ClCompile>
    <ClCompile Include="Brick.cpp">
      <Filter>Source Files\GameObject\Misc</Filter>
    </ClCompile>
    <ClCompile Include="Goomba.cpp">
      <Filter>Source Files\GameObject\Enemy</Filter>
    </ClCompile>
    <ClCompile Include="Koopas.cpp">
      <Filter>Source Files\GameObject\Enemy</Filter>
    </ClCompile>
    <ClCompile Include="Mario.cpp">
      <Filter>Source Files\GameObject</Filter>
    </ClCompile>
    <ClCompile Include="Platform.cpp">
      <Filter>Source Files\GameObject\Misc</Filter>
    </ClCompile>
    <ClCompile Include="Portal.cpp">
      <Filter>Source Files\GameObject\Misc</Filter>
    </ClCompile>
    <ClCompile Include="QuestionBlock.cpp">
      <Filter>Source Files\GameObject\Misc</Filter>
    </ClCompile>
    <ClCompile Include="Venus.cpp">
      <Filter>Source Files\GameObject\Enemy</Filter>
    </ClCompile>
    <ClCompile Include="ColorBox.cpp">
      <Filter>Source Files\GameObject\Misc</Filter>
    </ClCompile>
    <ClCompile Include="Coin.cpp">
      <Filter>Source Files\GameObject\Item</Filter>
    </ClCompile>
    <ClCompile Include="Mushroom.cpp">
      <Filter>Source Files\GameObject\Item</Filter>
    </ClCompile>
    <ClCompile Include="Game.cpp">
      <Filter>Source Files\Core</Filter>
    </ClCompile>
    <ClCompile Include="main.cpp">
      <Filter>Source Files\Core</Filter>
    </ClCompile>
    <ClCompile Include="PlayScene.cpp">
      <Filter>Source Files\Scene</Filter>
    </ClCompile>
    <ClCompile Include="Scene.cpp">
      <Filter>Source Files\Scene</Filter>
    </ClCompile>
    <ClCompile Include="FallCheckingObject.cpp">
      <Filter>Source Files\GameObject\CheckingObj</Filter>
    </ClCompile>
    <ClCompile Include="SpawnCheck.cpp">
      <Filter>Source Files\GameObject\CheckingObj</Filter>
    </ClCompile>
    <ClCompile Include="FireShot.cpp">
      <Filter>Source Files\GameObject\Enemy</Filter>
    </ClCompile>
    <ClCompile Include="Collision.cpp">
      <Filter>Source Files\Core</Filter>
    </ClCompile>
    <ClCompile Include="FallCheckingObject.h">
      <Filter>Header Files\GameObject\CheckingObj</Filter>
    </ClCompile>
    <ClCompile Include="ParaGoomba.cpp">
      <Filter>Source Files\GameObject\Enemy</Filter>
    </ClCompile>
    <ClCompile Include="Leaf.cpp">
      <Filter>Source Files\GameObject\Item</Filter>
    </ClCompile>
    <ClCompile Include="HUD.cpp">
      <Filter>Source Files\UI</Filter>
    </ClCompile>
    <ClCompile Include="UIObject.h">
      <Filter>Header Files\UI</Filter>
    </ClCompile>
    <ClCompile Include="UIObject.cpp">
      <Filter>Source Files\UI</Filter>
    </ClCompile>
    <ClCompile Include="OW_GameObject.h">
      <Filter>Header Files\OverworldGameObject</Filter>
    </ClCompile>
    <ClCompile Include="OW_GameObject.cpp">
      <Filter>Source Files\OverworldGameObject</Filter>
    </ClCompile>
    <ClCompile Include="OW_Mario.cpp">
      <Filter>Source Files\OverworldGameObject</Filter>
    </ClCompile>
    <ClCompile Include="OW_Path.cpp">
      <Filter>Source Files\OverworldGameObject</Filter>
    </ClCompile>
  </ItemGroup>
  <ItemGroup>
    <ClInclude Include="AssetIDs.h">
      <Filter>Header Files</Filter>
    </ClInclude>
    <ClInclude Include="GameObject.h">
      <Filter>Header Files\GameObject</Filter>
    </ClInclude>
    <ClInclude Include="Mario.h">
      <Filter>Header Files\GameObject</Filter>
    </ClInclude>
    <ClInclude Include="Animation.h">
      <Filter>Header Files\Visual</Filter>
    </ClInclude>
    <ClInclude Include="AnimationFrame.h">
      <Filter>Header Files\Visual</Filter>
    </ClInclude>
    <ClInclude Include="Animations.h">
      <Filter>Header Files\Visual</Filter>
    </ClInclude>
    <ClInclude Include="Sprite.h">
      <Filter>Header Files\Visual</Filter>
    </ClInclude>
    <ClInclude Include="Sprites.h">
      <Filter>Header Files\Visual</Filter>
    </ClInclude>
    <ClInclude Include="Texture.h">
      <Filter>Header Files\Visual</Filter>
    </ClInclude>
    <ClInclude Include="Textures.h">
      <Filter>Header Files\Visual</Filter>
    </ClInclude>
    <ClInclude Include="Utils.h">
      <Filter>Header Files\Tool</Filter>
    </ClInclude>
    <ClInclude Include="debug.h">
      <Filter>Header Files\Tool</Filter>
    </ClInclude>
    <ClInclude Include="SampleKeyEventHandler.h">
      <Filter>Header Files\KeyEventHandler</Filter>
    </ClInclude>
    <ClInclude Include="KeyEventHandler.h">
      <Filter>Header Files\KeyEventHandler</Filter>
    </ClInclude>
    <ClInclude Include="Background.h">
      <Filter>Header Files\GameObject\Misc</Filter>
    </ClInclude>
    <ClInclude Include="Brick.h">
      <Filter>Header Files\GameObject\Misc</Filter>
    </ClInclude>
    <ClInclude Include="Goomba.h">
      <Filter>Header Files\GameObject\Enemy</Filter>
    </ClInclude>
    <ClInclude Include="Koopas.h">
      <Filter>Header Files\GameObject\Enemy</Filter>
    </ClInclude>
    <ClInclude Include="Platform.h">
      <Filter>Header Files\GameObject\Misc</Filter>
    </ClInclude>
    <ClInclude Include="Portal.h">
      <Filter>Header Files\GameObject\Misc</Filter>
    </ClInclude>
    <ClInclude Include="QuestionBlock.h">
      <Filter>Header Files\GameObject\Misc</Filter>
    </ClInclude>
    <ClInclude Include="Venus.h">
      <Filter>Header Files\GameObject\Enemy</Filter>
    </ClInclude>
    <ClInclude Include="ColorBox.h">
      <Filter>Header Files\GameObject\Misc</Filter>
    </ClInclude>
    <ClInclude Include="Coin.h">
      <Filter>Header Files\GameObject\Item</Filter>
    </ClInclude>
    <ClInclude Include="Mushroom.h">
      <Filter>Header Files\GameObject\Item</Filter>
    </ClInclude>
    <ClInclude Include="Game.h">
      <Filter>Header Files\Core</Filter>
    </ClInclude>
    <ClInclude Include="PlayScene.h">
      <Filter>Header Files\Scene</Filter>
    </ClInclude>
    <ClInclude Include="Scene.h">
      <Filter>Header Files\Scene</Filter>
    </ClInclude>
    <ClInclude Include="Collision.h">
      <Filter>Header Files\Core</Filter>
    </ClInclude>
    <ClInclude Include="FireShot.h">
      <Filter>Header Files\GameObject\Enemy</Filter>
    </ClInclude>
    <ClInclude Include="SpawnCheck.h">
      <Filter>Header Files\GameObject\CheckingObj</Filter>
    </ClInclude>
    <ClInclude Include="ParaGoomba.h">
      <Filter>Header Files\GameObject\Enemy</Filter>
    </ClInclude>
    <ClInclude Include="Leaf.h">
      <Filter>Header Files\GameObject\Item</Filter>
    </ClInclude>
    <ClInclude Include="UI.txt">
      <Filter>Resource Files\UI</Filter>
    </ClInclude>
    <ClInclude Include="HUD.h">
      <Filter>Header Files\UI</Filter>
    </ClInclude>
    <ClInclude Include="OW_Mario.h">
      <Filter>Header Files\OverworldGameObject</Filter>
    </ClInclude>
    <ClInclude Include="OW_Portal.h">
      <Filter>Header Files\OverworldGameObject</Filter>
    </ClInclude>
    <ClInclude Include="OW_Path.h">
      <Filter>Header Files\OverworldGameObject</Filter>
    </ClInclude>
    <ClInclude Include="OW_Terrain.h">
      <Filter>Header Files\OverworldGameObject</Filter>
    </ClInclude>
  </ItemGroup>
  <ItemGroup>
    <Text Include="main-settings.txt">
      <Filter>Resource Files</Filter>
    </Text>
    <Text Include="goomba.txt">
      <Filter>Resource Files\Enemy</Filter>
    </Text>
    <Text Include="koopas.txt">
      <Filter>Resource Files\Enemy</Filter>
    </Text>
    <Text Include="scene001.txt">
      <Filter>Resource Files\Scenes</Filter>
    </Text>
    <Text Include="brick.txt">
      <Filter>Resource Files\Misc</Filter>
    </Text>
    <Text Include="cloud.txt">
      <Filter>Resource Files\Misc</Filter>
    </Text>
    <Text Include="color_box.txt">
      <Filter>Resource Files\Misc</Filter>
    </Text>
    <Text Include="ground.txt">
      <Filter>Resource Files\Misc</Filter>
    </Text>
    <Text Include="question_block.txt">
      <Filter>Resource Files\Misc</Filter>
    </Text>
    <Text Include="tube.txt">
      <Filter>Resource Files\Misc</Filter>
    </Text>
    <Text Include="venus.txt">
      <Filter>Resource Files\Enemy</Filter>
    </Text>
    <Text Include="background.txt">
      <Filter>Resource Files\Misc</Filter>
    </Text>
    <Text Include="reward.txt">
      <Filter>Resource Files\Item</Filter>
    </Text>
    <Text Include="coin.txt">
      <Filter>Resource Files\Item</Filter>
    </Text>
    <Text Include="mario_small.txt">
      <Filter>Resource Files\Mario</Filter>
    </Text>
    <Text Include="mario_big.txt">
      <Filter>Resource Files\Mario</Filter>
    </Text>
    <Text Include="mario_racoon.txt">
      <Filter>Resource Files\Mario</Filter>
    </Text>
    <Text Include="playground.txt">
      <Filter>Resource Files\Scenes</Filter>
    </Text>
    <Text Include="overworld.txt">
      <Filter>Resource Files\Scenes</Filter>
    </Text>
    <Text Include="ow_mario.txt">
      <Filter>Resource Files\Overworld</Filter>
    </Text>
    <Text Include="ow_path.txt">
      <Filter>Resource Files\Overworld</Filter>
    </Text>
  </ItemGroup>
  <ItemGroup>
    <None Include="packages.config" />
    <None Include="README.md">
      <Filter>Resource Files</Filter>
    </None>
  </ItemGroup>
</Project>